
Microsoft Visual Studio Solution File, Format Version 12.00
# Visual Studio Version 17
VisualStudioVersion = 17.9.34728.123
MinimumVisualStudioVersion = 10.0.40219.1
Project("{FAE04EC0-301F-11D3-BF4B-00C04F79EFBC}") = "ClinicaAPI", "ClinicaAPI.csproj", "{A8A91F7F-EF43-45BF-9E52-1A3D0DB9A517}"
EndProject
Global
	GlobalSection(SolutionConfigurationPlatforms) = preSolution
		Debug|Any CPU = Debug|Any CPU
		Release|Any CPU = Release|Any CPU
	EndGlobalSection
	GlobalSection(ProjectConfigurationPlatforms) = postSolution
		{A8A91F7F-EF43-45BF-9E52-1A3D0DB9A517}.Debug|Any CPU.ActiveCfg = Debug|Any CPU
		{A8A91F7F-EF43-45BF-9E52-1A3D0DB9A517}.Debug|Any CPU.Build.0 = Debug|Any CPU
		{A8A91F7F-EF43-45BF-9E52-1A3D0DB9A517}.Release|Any CPU.ActiveCfg = Release|Any CPU
		{A8A91F7F-EF43-45BF-9E52-1A3D0DB9A517}.Release|Any CPU.Build.0 = Release|Any CPU
	EndGlobalSection
	GlobalSection(SolutionProperties) = preSolution
		HideSolutionNode = FALSE
	EndGlobalSection
	GlobalSection(ExtensibilityGlobals) = postSolution
		SolutionGuid = {64CDE0FB-6390-41C2-9130-1484FD7EBB2A}
	EndGlobalSection
EndGlobal
